
Microsoft Visual Studio Solution File, Format Version 12.00
# Visual Studio Version 17
VisualStudioVersion = 17.14.36121.58
MinimumVisualStudioVersion = 10.0.40219.1
Project("{FAE04EC0-301F-11D3-BF4B-00C04F79EFBC}") = "WebApicomuniCancion", "WebApicomuniCancion.csproj", "{DD60C6A3-3646-45AE-A083-E5B83E32C3B8}"
EndProject
Project("{FAE04EC0-301F-11D3-BF4B-00C04F79EFBC}") = "WebAppcomuniCanción", "..\WebAppcomuniCanción\WebAppcomuniCanción.csproj", "{0DB65CF6-9696-4ACD-83B6-9A7FEDA107B8}"
EndProject
Global
	GlobalSection(SolutionConfigurationPlatforms) = preSolution
		Debug|Any CPU = Debug|Any CPU
		Release|Any CPU = Release|Any CPU
	EndGlobalSection
	GlobalSection(ProjectConfigurationPlatforms) = postSolution
		{DD60C6A3-3646-45AE-A083-E5B83E32C3B8}.Debug|Any CPU.ActiveCfg = Debug|Any CPU
		{DD60C6A3-3646-45AE-A083-E5B83E32C3B8}.Debug|Any CPU.Build.0 = Debug|Any CPU
		{DD60C6A3-3646-45AE-A083-E5B83E32C3B8}.Release|Any CPU.ActiveCfg = Release|Any CPU
		{DD60C6A3-3646-45AE-A083-E5B83E32C3B8}.Release|Any CPU.Build.0 = Release|Any CPU
		{0DB65CF6-9696-4ACD-83B6-9A7FEDA107B8}.Debug|Any CPU.ActiveCfg = Debug|Any CPU
		{0DB65CF6-9696-4ACD-83B6-9A7FEDA107B8}.Debug|Any CPU.Build.0 = Debug|Any CPU
		{0DB65CF6-9696-4ACD-83B6-9A7FEDA107B8}.Release|Any CPU.ActiveCfg = Release|Any CPU
		{0DB65CF6-9696-4ACD-83B6-9A7FEDA107B8}.Release|Any CPU.Build.0 = Release|Any CPU
	EndGlobalSection
	GlobalSection(SolutionProperties) = preSolution
		HideSolutionNode = FALSE
	EndGlobalSection
	GlobalSection(ExtensibilityGlobals) = postSolution
		SolutionGuid = {6A84572A-F709-462F-BA16-1EF9426FF64A}
	EndGlobalSection
EndGlobal
